
Microsoft Visual Studio Solution File, Format Version 12.00
# Visual Studio Version 16
VisualStudioVersion = 16.0.28917.181
MinimumVisualStudioVersion = 10.0.40219.1
Project("{9A19103F-16F7-4668-BE54-9A1E7A4F7556}") = "Console", "Console\Console.csproj", "{988EDEEB-3274-4608-886E-72E0CF08F1F7}"
EndProject
Project("{9A19103F-16F7-4668-BE54-9A1E7A4F7556}") = "ClassLibrary1", "ClassLibrary1\ClassLibrary1.csproj", "{0581AB18-45DA-43C0-9697-46D80308CA3C}"
EndProject
Global
	GlobalSection(SolutionConfigurationPlatforms) = preSolution
		Debug|Any CPU = Debug|Any CPU
		Release|Any CPU = Release|Any CPU
	EndGlobalSection
	GlobalSection(ProjectConfigurationPlatforms) = postSolution
		{988EDEEB-3274-4608-886E-72E0CF08F1F7}.Debug|Any CPU.ActiveCfg = Debug|Any CPU
		{988EDEEB-3274-4608-886E-72E0CF08F1F7}.Debug|Any CPU.Build.0 = Debug|Any CPU
		{988EDEEB-3274-4608-886E-72E0CF08F1F7}.Release|Any CPU.ActiveCfg = Release|Any CPU
		{988EDEEB-3274-4608-886E-72E0CF08F1F7}.Release|Any CPU.Build.0 = Release|Any CPU
		{0581AB18-45DA-43C0-9697-46D80308CA3C}.Debug|Any CPU.ActiveCfg = Debug|Any CPU
		{0581AB18-45DA-43C0-9697-46D80308CA3C}.Debug|Any CPU.Build.0 = Debug|Any CPU
		{0581AB18-45DA-43C0-9697-46D80308CA3C}.Release|Any CPU.ActiveCfg = Release|Any CPU
		{0581AB18-45DA-43C0-9697-46D80308CA3C}.Release|Any CPU.Build.0 = Release|Any CPU
	EndGlobalSection
	GlobalSection(SolutionProperties) = preSolution
		HideSolutionNode = FALSE
	EndGlobalSection
	GlobalSection(ExtensibilityGlobals) = postSolution
		SolutionGuid = {CDCD80E5-35A2-4725-AF08-5E7F82E58FA4}
	EndGlobalSection
EndGlobal
